{
  "name": "nvim",
  "lockfileVersion": 2,
  "requires": true,
  "packages": {
    "": {
      "dependencies": {
        "list": "^2.0.19"
      }
    },
    "node_modules/list": {
      "version": "2.0.19",
      "resolved": "https://registry.npmjs.org/list/-/list-2.0.19.tgz",
      "integrity": "sha512-nnVaRp4RaMAQkCpypTThsdxKqgPMiSwJq93eAm2/IbpUa8sd04XKBhkKu+bMk63HmdjK8b8Cuh4xARHWX2ye/Q=="
    }
  },
  "dependencies": {
    "list": {
      "version": "2.0.19",
      "resolved": "https://registry.npmjs.org/list/-/list-2.0.19.tgz",
      "integrity": "sha512-nnVaRp4RaMAQkCpypTThsdxKqgPMiSwJq93eAm2/IbpUa8sd04XKBhkKu+bMk63HmdjK8b8Cuh4xARHWX2ye/Q=="
    }
  }
}
